// !$*UTF8*$!
{
	archiveVersion = 1;
	classes = {
	};
	objectVersion = 55;
	objects = {

/* Begin PBXBuildFile section */
		495E527927620406003A5F12 /* DataManager.swift in Sources */ = {isa = PBXBuildFile; fileRef = 495E527827620406003A5F12 /* DataManager.swift */; };
		49609198293610D900B104ED /* HintsView.swift in Sources */ = {isa = PBXBuildFile; fileRef = 49609197293610D900B104ED /* HintsView.swift */; };
		4960919A293610E400B104ED /* HintsViewModel.swift in Sources */ = {isa = PBXBuildFile; fileRef = 49609199293610E400B104ED /* HintsViewModel.swift */; };
		4960919C293610EE00B104ED /* HintsModel.swift in Sources */ = {isa = PBXBuildFile; fileRef = 4960919B293610EE00B104ED /* HintsModel.swift */; };
		496091A3293F7F3C00B104ED /* SettingView.swift in Sources */ = {isa = PBXBuildFile; fileRef = 496091A2293F7F3C00B104ED /* SettingView.swift */; };
		496091A5293F7F7500B104ED /* SettingViewModel.swift in Sources */ = {isa = PBXBuildFile; fileRef = 496091A4293F7F7500B104ED /* SettingViewModel.swift */; };
		496091A7293F7F7E00B104ED /* SettingModel.swift in Sources */ = {isa = PBXBuildFile; fileRef = 496091A6293F7F7E00B104ED /* SettingModel.swift */; };
		496091AA2940B22500B104ED /* SwiftUICharts in Frameworks */ = {isa = PBXBuildFile; productRef = 496091A92940B22500B104ED /* SwiftUICharts */; };
		498A240F277307EA000ACD36 /* AddTaskViewModel.swift in Sources */ = {isa = PBXBuildFile; fileRef = 498A240E277307EA000ACD36 /* AddTaskViewModel.swift */; };
		498A2411277307FC000ACD36 /* AddTaskModel.swift in Sources */ = {isa = PBXBuildFile; fileRef = 498A2410277307FC000ACD36 /* AddTaskModel.swift */; };
		498A241427730D07000ACD36 /* Notes+CoreDataClass.swift in Sources */ = {isa = PBXBuildFile; fileRef = 498A241227730D07000ACD36 /* Notes+CoreDataClass.swift */; };
		498A241527730D07000ACD36 /* Notes+CoreDataProperties.swift in Sources */ = {isa = PBXBuildFile; fileRef = 498A241327730D07000ACD36 /* Notes+CoreDataProperties.swift */; };
		49A940F0276B08A600BB4750 /* OnBoardingView.swift in Sources */ = {isa = PBXBuildFile; fileRef = 49A940EF276B08A600BB4750 /* OnBoardingView.swift */; };
		49A940F2276B08B400BB4750 /* OnBoardingModel.swift in Sources */ = {isa = PBXBuildFile; fileRef = 49A940F1276B08B400BB4750 /* OnBoardingModel.swift */; };
		49A940F4276B0AC700BB4750 /* OnBoardingCardData.swift in Sources */ = {isa = PBXBuildFile; fileRef = 49A940F3276B0AC700BB4750 /* OnBoardingCardData.swift */; };
		49A940F6276B0FC800BB4750 /* MenuView.swift in Sources */ = {isa = PBXBuildFile; fileRef = 49A940F5276B0FC800BB4750 /* MenuView.swift */; };
		49A940F8276B0FD300BB4750 /* StartView.swift in Sources */ = {isa = PBXBuildFile; fileRef = 49A940F7276B0FD300BB4750 /* StartView.swift */; };
		49DDD84E291A6E9E004EE366 /* ChangeTaskView.swift in Sources */ = {isa = PBXBuildFile; fileRef = 49DDD84D291A6E9E004EE366 /* ChangeTaskView.swift */; };
		49DDD850291A6EA8004EE366 /* ChangeTaskViewModel.swift in Sources */ = {isa = PBXBuildFile; fileRef = 49DDD84F291A6EA8004EE366 /* ChangeTaskViewModel.swift */; };
		49DDD852291A6EB2004EE366 /* ChangeTaskModel.swift in Sources */ = {isa = PBXBuildFile; fileRef = 49DDD851291A6EB2004EE366 /* ChangeTaskModel.swift */; };
		49E9CDCB28F6E73200D6081A /* StartViewModel.swift in Sources */ = {isa = PBXBuildFile; fileRef = 49E9CDCA28F6E73200D6081A /* StartViewModel.swift */; };
		49E9CDCD28F6E73D00D6081A /* StartModel.swift in Sources */ = {isa = PBXBuildFile; fileRef = 49E9CDCC28F6E73D00D6081A /* StartModel.swift */; };
		49E9CDCF28F6EB2B00D6081A /* OnBoardingViewModel.swift in Sources */ = {isa = PBXBuildFile; fileRef = 49E9CDCE28F6EB2B00D6081A /* OnBoardingViewModel.swift */; };
		49E9CDD128F6EB3900D6081A /* MainViewModel.swift in Sources */ = {isa = PBXBuildFile; fileRef = 49E9CDD028F6EB3900D6081A /* MainViewModel.swift */; };
		49E9CDD328F6EB4600D6081A /* MainModel.swift in Sources */ = {isa = PBXBuildFile; fileRef = 49E9CDD228F6EB4600D6081A /* MainModel.swift */; };
		49E9CDD528F6EB5000D6081A /* MenuViewModel.swift in Sources */ = {isa = PBXBuildFile; fileRef = 49E9CDD428F6EB5000D6081A /* MenuViewModel.swift */; };
		49E9CDD728F6EB5D00D6081A /* MenuModel.swift in Sources */ = {isa = PBXBuildFile; fileRef = 49E9CDD628F6EB5D00D6081A /* MenuModel.swift */; };
		49E9CDDA28F6EBEE00D6081A /* UserDefaults+ext.swift in Sources */ = {isa = PBXBuildFile; fileRef = 49E9CDD928F6EBEE00D6081A /* UserDefaults+ext.swift */; };
		49E9CDDD28F6F10200D6081A /* AppColors.swift in Sources */ = {isa = PBXBuildFile; fileRef = 49E9CDDC28F6F10200D6081A /* AppColors.swift */; };
		49E9CDDF28F6F10A00D6081A /* AppImages.swift in Sources */ = {isa = PBXBuildFile; fileRef = 49E9CDDE28F6F10A00D6081A /* AppImages.swift */; };
		49E9CDE3290FBC3600D6081A /* StatsView.swift in Sources */ = {isa = PBXBuildFile; fileRef = 49E9CDE2290FBC3600D6081A /* StatsView.swift */; };
		49E9CDE5290FBC4100D6081A /* StatsViewModel.swift in Sources */ = {isa = PBXBuildFile; fileRef = 49E9CDE4290FBC4100D6081A /* StatsViewModel.swift */; };
		49E9CDE7290FBC4900D6081A /* StatsModel.swift in Sources */ = {isa = PBXBuildFile; fileRef = 49E9CDE6290FBC4900D6081A /* StatsModel.swift */; };
		CE5069BC27478A8D006457CB /* EmotionApp.swift in Sources */ = {isa = PBXBuildFile; fileRef = CE5069BB27478A8D006457CB /* EmotionApp.swift */; };
		CE5069C027478A96006457CB /* Assets.xcassets in Resources */ = {isa = PBXBuildFile; fileRef = CE5069BF27478A96006457CB /* Assets.xcassets */; };
		CE5069C327478A96006457CB /* Preview Assets.xcassets in Resources */ = {isa = PBXBuildFile; fileRef = CE5069C227478A96006457CB /* Preview Assets.xcassets */; };
		CE5069C527478A96006457CB /* Persistence.swift in Sources */ = {isa = PBXBuildFile; fileRef = CE5069C427478A96006457CB /* Persistence.swift */; };
		CE5069C827478A96006457CB /* Emotion.xcdatamodeld in Sources */ = {isa = PBXBuildFile; fileRef = CE5069C627478A96006457CB /* Emotion.xcdatamodeld */; };
		CE5069D827478B6D006457CB /* EmotionCoordinator.swift in Sources */ = {isa = PBXBuildFile; fileRef = CE5069D427478B6C006457CB /* EmotionCoordinator.swift */; };
		CE5069D927478B6D006457CB /* EmotionView.swift in Sources */ = {isa = PBXBuildFile; fileRef = CE5069D527478B6C006457CB /* EmotionView.swift */; };
		CE5069DB27478B6D006457CB /* EmotionModel.swift in Sources */ = {isa = PBXBuildFile; fileRef = CE5069D727478B6D006457CB /* EmotionModel.swift */; };
		CE5069E127478EA1006457CB /* NavigationControllerSwiftUI.swift in Sources */ = {isa = PBXBuildFile; fileRef = CE5069DF27478EA1006457CB /* NavigationControllerSwiftUI.swift */; };
		CE5069E227478EA1006457CB /* NavigationControllerGeneric.swift in Sources */ = {isa = PBXBuildFile; fileRef = CE5069E027478EA1006457CB /* NavigationControllerGeneric.swift */; };
		CE5069E727478ED7006457CB /* NavigatorSwiftUI.swift in Sources */ = {isa = PBXBuildFile; fileRef = CE5069E427478ED6006457CB /* NavigatorSwiftUI.swift */; };
		CE5069E827478ED7006457CB /* CoordinatorSwiftUI.swift in Sources */ = {isa = PBXBuildFile; fileRef = CE5069E527478ED6006457CB /* CoordinatorSwiftUI.swift */; };
		CE5069E927478ED7006457CB /* Bindable.swift in Sources */ = {isa = PBXBuildFile; fileRef = CE5069E627478ED7006457CB /* Bindable.swift */; };
		CE5069EB27478F1D006457CB /* MainView.swift in Sources */ = {isa = PBXBuildFile; fileRef = CE5069EA27478F1D006457CB /* MainView.swift */; };
		CE5069ED27478F27006457CB /* AddTaskView.swift in Sources */ = {isa = PBXBuildFile; fileRef = CE5069EC27478F27006457CB /* AddTaskView.swift */; };
/* End PBXBuildFile section */

/* Begin PBXFileReference section */
		495E527827620406003A5F12 /* DataManager.swift */ = {isa = PBXFileReference; lastKnownFileType = sourcecode.swift; path = DataManager.swift; sourceTree = "<group>"; };
		49609197293610D900B104ED /* HintsView.swift */ = {isa = PBXFileReference; lastKnownFileType = sourcecode.swift; path = HintsView.swift; sourceTree = "<group>"; };
		49609199293610E400B104ED /* HintsViewModel.swift */ = {isa = PBXFileReference; lastKnownFileType = sourcecode.swift; path = HintsViewModel.swift; sourceTree = "<group>"; };
		4960919B293610EE00B104ED /* HintsModel.swift */ = {isa = PBXFileReference; lastKnownFileType = sourcecode.swift; path = HintsModel.swift; sourceTree = "<group>"; };
		496091A2293F7F3C00B104ED /* SettingView.swift */ = {isa = PBXFileReference; lastKnownFileType = sourcecode.swift; path = SettingView.swift; sourceTree = "<group>"; };
		496091A4293F7F7500B104ED /* SettingViewModel.swift */ = {isa = PBXFileReference; lastKnownFileType = sourcecode.swift; path = SettingViewModel.swift; sourceTree = "<group>"; };
		496091A6293F7F7E00B104ED /* SettingModel.swift */ = {isa = PBXFileReference; lastKnownFileType = sourcecode.swift; path = SettingModel.swift; sourceTree = "<group>"; };
		498A240E277307EA000ACD36 /* AddTaskViewModel.swift */ = {isa = PBXFileReference; lastKnownFileType = sourcecode.swift; path = AddTaskViewModel.swift; sourceTree = "<group>"; };
		498A2410277307FC000ACD36 /* AddTaskModel.swift */ = {isa = PBXFileReference; lastKnownFileType = sourcecode.swift; path = AddTaskModel.swift; sourceTree = "<group>"; };
		498A241227730D07000ACD36 /* Notes+CoreDataClass.swift */ = {isa = PBXFileReference; lastKnownFileType = sourcecode.swift; path = "Notes+CoreDataClass.swift"; sourceTree = SOURCE_ROOT; };
		498A241327730D07000ACD36 /* Notes+CoreDataProperties.swift */ = {isa = PBXFileReference; lastKnownFileType = sourcecode.swift; path = "Notes+CoreDataProperties.swift"; sourceTree = SOURCE_ROOT; };
		49A940EF276B08A600BB4750 /* OnBoardingView.swift */ = {isa = PBXFileReference; lastKnownFileType = sourcecode.swift; path = OnBoardingView.swift; sourceTree = "<group>"; };
		49A940F1276B08B400BB4750 /* OnBoardingModel.swift */ = {isa = PBXFileReference; lastKnownFileType = sourcecode.swift; path = OnBoardingModel.swift; sourceTree = "<group>"; };
		49A940F3276B0AC700BB4750 /* OnBoardingCardData.swift */ = {isa = PBXFileReference; lastKnownFileType = sourcecode.swift; path = OnBoardingCardData.swift; sourceTree = "<group>"; };
		49A940F5276B0FC800BB4750 /* MenuView.swift */ = {isa = PBXFileReference; lastKnownFileType = sourcecode.swift; path = MenuView.swift; sourceTree = "<group>"; };
		49A940F7276B0FD300BB4750 /* StartView.swift */ = {isa = PBXFileReference; lastKnownFileType = sourcecode.swift; path = StartView.swift; sourceTree = "<group>"; };
		49DDD84D291A6E9E004EE366 /* ChangeTaskView.swift */ = {isa = PBXFileReference; lastKnownFileType = sourcecode.swift; path = ChangeTaskView.swift; sourceTree = "<group>"; };
		49DDD84F291A6EA8004EE366 /* ChangeTaskViewModel.swift */ = {isa = PBXFileReference; lastKnownFileType = sourcecode.swift; path = ChangeTaskViewModel.swift; sourceTree = "<group>"; };
		49DDD851291A6EB2004EE366 /* ChangeTaskModel.swift */ = {isa = PBXFileReference; lastKnownFileType = sourcecode.swift; path = ChangeTaskModel.swift; sourceTree = "<group>"; };
		49E9CDCA28F6E73200D6081A /* StartViewModel.swift */ = {isa = PBXFileReference; lastKnownFileType = sourcecode.swift; path = StartViewModel.swift; sourceTree = "<group>"; };
		49E9CDCC28F6E73D00D6081A /* StartModel.swift */ = {isa = PBXFileReference; lastKnownFileType = sourcecode.swift; path = StartModel.swift; sourceTree = "<group>"; };
		49E9CDCE28F6EB2B00D6081A /* OnBoardingViewModel.swift */ = {isa = PBXFileReference; lastKnownFileType = sourcecode.swift; path = OnBoardingViewModel.swift; sourceTree = "<group>"; };
		49E9CDD028F6EB3900D6081A /* MainViewModel.swift */ = {isa = PBXFileReference; lastKnownFileType = sourcecode.swift; path = MainViewModel.swift; sourceTree = "<group>"; };
		49E9CDD228F6EB4600D6081A /* MainModel.swift */ = {isa = PBXFileReference; lastKnownFileType = sourcecode.swift; path = MainModel.swift; sourceTree = "<group>"; };
		49E9CDD428F6EB5000D6081A /* MenuViewModel.swift */ = {isa = PBXFileReference; lastKnownFileType = sourcecode.swift; path = MenuViewModel.swift; sourceTree = "<group>"; };
		49E9CDD628F6EB5D00D6081A /* MenuModel.swift */ = {isa = PBXFileReference; lastKnownFileType = sourcecode.swift; path = MenuModel.swift; sourceTree = "<group>"; };
		49E9CDD928F6EBEE00D6081A /* UserDefaults+ext.swift */ = {isa = PBXFileReference; lastKnownFileType = sourcecode.swift; path = "UserDefaults+ext.swift"; sourceTree = "<group>"; };
		49E9CDDC28F6F10200D6081A /* AppColors.swift */ = {isa = PBXFileReference; lastKnownFileType = sourcecode.swift; path = AppColors.swift; sourceTree = "<group>"; };
		49E9CDDE28F6F10A00D6081A /* AppImages.swift */ = {isa = PBXFileReference; lastKnownFileType = sourcecode.swift; path = AppImages.swift; sourceTree = "<group>"; };
		49E9CDE2290FBC3600D6081A /* StatsView.swift */ = {isa = PBXFileReference; lastKnownFileType = sourcecode.swift; path = StatsView.swift; sourceTree = "<group>"; };
		49E9CDE4290FBC4100D6081A /* StatsViewModel.swift */ = {isa = PBXFileReference; lastKnownFileType = sourcecode.swift; path = StatsViewModel.swift; sourceTree = "<group>"; };
		49E9CDE6290FBC4900D6081A /* StatsModel.swift */ = {isa = PBXFileReference; lastKnownFileType = sourcecode.swift; path = StatsModel.swift; sourceTree = "<group>"; };
		CE5069B827478A8D006457CB /* Emotion.app */ = {isa = PBXFileReference; explicitFileType = wrapper.application; includeInIndex = 0; path = Emotion.app; sourceTree = BUILT_PRODUCTS_DIR; };
		CE5069BB27478A8D006457CB /* EmotionApp.swift */ = {isa = PBXFileReference; lastKnownFileType = sourcecode.swift; path = EmotionApp.swift; sourceTree = "<group>"; };
		CE5069BF27478A96006457CB /* Assets.xcassets */ = {isa = PBXFileReference; lastKnownFileType = folder.assetcatalog; path = Assets.xcassets; sourceTree = "<group>"; };
		CE5069C227478A96006457CB /* Preview Assets.xcassets */ = {isa = PBXFileReference; lastKnownFileType = folder.assetcatalog; path = "Preview Assets.xcassets"; sourceTree = "<group>"; };
		CE5069C427478A96006457CB /* Persistence.swift */ = {isa = PBXFileReference; lastKnownFileType = sourcecode.swift; path = Persistence.swift; sourceTree = "<group>"; };
		CE5069C727478A96006457CB /* Emotion.xcdatamodel */ = {isa = PBXFileReference; lastKnownFileType = wrapper.xcdatamodel; path = Emotion.xcdatamodel; sourceTree = "<group>"; };
		CE5069D427478B6C006457CB /* EmotionCoordinator.swift */ = {isa = PBXFileReference; fileEncoding = 4; lastKnownFileType = sourcecode.swift; path = EmotionCoordinator.swift; sourceTree = "<group>"; };
		CE5069D527478B6C006457CB /* EmotionView.swift */ = {isa = PBXFileReference; fileEncoding = 4; lastKnownFileType = sourcecode.swift; path = EmotionView.swift; sourceTree = "<group>"; };
		CE5069D727478B6D006457CB /* EmotionModel.swift */ = {isa = PBXFileReference; fileEncoding = 4; lastKnownFileType = sourcecode.swift; path = EmotionModel.swift; sourceTree = "<group>"; };
		CE5069DF27478EA1006457CB /* NavigationControllerSwiftUI.swift */ = {isa = PBXFileReference; fileEncoding = 4; lastKnownFileType = sourcecode.swift; path = NavigationControllerSwiftUI.swift; sourceTree = "<group>"; };
		CE5069E027478EA1006457CB /* NavigationControllerGeneric.swift */ = {isa = PBXFileReference; fileEncoding = 4; lastKnownFileType = sourcecode.swift; path = NavigationControllerGeneric.swift; sourceTree = "<group>"; };
		CE5069E427478ED6006457CB /* NavigatorSwiftUI.swift */ = {isa = PBXFileReference; fileEncoding = 4; lastKnownFileType = sourcecode.swift; path = NavigatorSwiftUI.swift; sourceTree = "<group>"; };
		CE5069E527478ED6006457CB /* CoordinatorSwiftUI.swift */ = {isa = PBXFileReference; fileEncoding = 4; lastKnownFileType = sourcecode.swift; path = CoordinatorSwiftUI.swift; sourceTree = "<group>"; };
		CE5069E627478ED7006457CB /* Bindable.swift */ = {isa = PBXFileReference; fileEncoding = 4; lastKnownFileType = sourcecode.swift; path = Bindable.swift; sourceTree = "<group>"; };
		CE5069EA27478F1D006457CB /* MainView.swift */ = {isa = PBXFileReference; lastKnownFileType = sourcecode.swift; path = MainView.swift; sourceTree = "<group>"; };
		CE5069EC27478F27006457CB /* AddTaskView.swift */ = {isa = PBXFileReference; lastKnownFileType = sourcecode.swift; name = AddTaskView.swift; path = Emotion/Screens/Main/AddTaskView.swift; sourceTree = SOURCE_ROOT; };
/* End PBXFileReference section */

/* Begin PBXFrameworksBuildPhase section */
		CE5069B527478A8D006457CB /* Frameworks */ = {
			isa = PBXFrameworksBuildPhase;
			buildActionMask = 2147483647;
			files = (
				496091AA2940B22500B104ED /* SwiftUICharts in Frameworks */,
			);
			runOnlyForDeploymentPostprocessing = 0;
		};
/* End PBXFrameworksBuildPhase section */

/* Begin PBXGroup section */
		496091962936106600B104ED /* Hints */ = {
			isa = PBXGroup;
			children = (
				49609197293610D900B104ED /* HintsView.swift */,
				49609199293610E400B104ED /* HintsViewModel.swift */,
				4960919B293610EE00B104ED /* HintsModel.swift */,
			);
			path = Hints;
			sourceTree = "<group>";
		};
		4960919D293F7E0E00B104ED /* Settings */ = {
			isa = PBXGroup;
			children = (
				496091A2293F7F3C00B104ED /* SettingView.swift */,
				496091A4293F7F7500B104ED /* SettingViewModel.swift */,
				496091A6293F7F7E00B104ED /* SettingModel.swift */,
			);
			path = Settings;
			sourceTree = "<group>";
		};
		49C57FCC27670FAE00988712 /* Data */ = {
			isa = PBXGroup;
			children = (
				498A241227730D07000ACD36 /* Notes+CoreDataClass.swift */,
				498A241327730D07000ACD36 /* Notes+CoreDataProperties.swift */,
				CE5069C427478A96006457CB /* Persistence.swift */,
				49A940F3276B0AC700BB4750 /* OnBoardingCardData.swift */,
				CE5069C627478A96006457CB /* Emotion.xcdatamodeld */,
			);
			path = Data;
			sourceTree = "<group>";
		};
		49C57FCF276729C200988712 /* Start */ = {
			isa = PBXGroup;
			children = (
				49A940F7276B0FD300BB4750 /* StartView.swift */,
				49E9CDCA28F6E73200D6081A /* StartViewModel.swift */,
				49E9CDCC28F6E73D00D6081A /* StartModel.swift */,
			);
			path = Start;
			sourceTree = "<group>";
		};
		49C57FD0276729D600988712 /* Menu */ = {
			isa = PBXGroup;
			children = (
				4960919D293F7E0E00B104ED /* Settings */,
				49E9CDE1290FBBE700D6081A /* Stats */,
				496091962936106600B104ED /* Hints */,
				49A940F5276B0FC800BB4750 /* MenuView.swift */,
				49E9CDD428F6EB5000D6081A /* MenuViewModel.swift */,
				49E9CDD628F6EB5D00D6081A /* MenuModel.swift */,
			);
			path = Menu;
			sourceTree = "<group>";
		};
		49C57FD1276729DC00988712 /* OnBoarding */ = {
			isa = PBXGroup;
			children = (
				49A940EF276B08A600BB4750 /* OnBoardingView.swift */,
				49E9CDCE28F6EB2B00D6081A /* OnBoardingViewModel.swift */,
				49A940F1276B08B400BB4750 /* OnBoardingModel.swift */,
			);
			path = OnBoarding;
			sourceTree = "<group>";
		};
		49DDD84C291A6E82004EE366 /* ChangeTask */ = {
			isa = PBXGroup;
			children = (
				49DDD84D291A6E9E004EE366 /* ChangeTaskView.swift */,
				49DDD84F291A6EA8004EE366 /* ChangeTaskViewModel.swift */,
				49DDD851291A6EB2004EE366 /* ChangeTaskModel.swift */,
			);
			path = ChangeTask;
			sourceTree = "<group>";
		};
		49E9CDD828F6EBB400D6081A /* Extensions */ = {
			isa = PBXGroup;
			children = (
				49E9CDD928F6EBEE00D6081A /* UserDefaults+ext.swift */,
			);
			path = Extensions;
			sourceTree = "<group>";
		};
		49E9CDDB28F6F0F000D6081A /* Constants */ = {
			isa = PBXGroup;
			children = (
				49E9CDDC28F6F10200D6081A /* AppColors.swift */,
				49E9CDDE28F6F10A00D6081A /* AppImages.swift */,
			);
			path = Constants;
			sourceTree = "<group>";
		};
		49E9CDE1290FBBE700D6081A /* Stats */ = {
			isa = PBXGroup;
			children = (
				49E9CDE2290FBC3600D6081A /* StatsView.swift */,
				49E9CDE4290FBC4100D6081A /* StatsViewModel.swift */,
				49E9CDE6290FBC4900D6081A /* StatsModel.swift */,
			);
			path = Stats;
			sourceTree = "<group>";
		};
		CE5069AF27478A8D006457CB = {
			isa = PBXGroup;
			children = (
				CE5069BA27478A8D006457CB /* Emotion */,
				CE5069B927478A8D006457CB /* Products */,
			);
			sourceTree = "<group>";
		};
		CE5069B927478A8D006457CB /* Products */ = {
			isa = PBXGroup;
			children = (
				CE5069B827478A8D006457CB /* Emotion.app */,
			);
			name = Products;
			sourceTree = "<group>";
		};
		CE5069BA27478A8D006457CB /* Emotion */ = {
			isa = PBXGroup;
			children = (
				CE5069CE27478AB6006457CB /* Lib */,
				CE5069CF27478ABD006457CB /* Screens */,
				CE5069BB27478A8D006457CB /* EmotionApp.swift */,
				CE5069BF27478A96006457CB /* Assets.xcassets */,
				CE5069C127478A96006457CB /* Preview Content */,
			);
			path = Emotion;
			sourceTree = "<group>";
		};
		CE5069C127478A96006457CB /* Preview Content */ = {
			isa = PBXGroup;
			children = (
				CE5069C227478A96006457CB /* Preview Assets.xcassets */,
			);
			path = "Preview Content";
			sourceTree = "<group>";
		};
		CE5069CE27478AB6006457CB /* Lib */ = {
			isa = PBXGroup;
			children = (
				49E9CDDB28F6F0F000D6081A /* Constants */,
				49C57FCC27670FAE00988712 /* Data */,
				49E9CDD828F6EBB400D6081A /* Extensions */,
				CE5069EE27479A35006457CB /* Manager */,
				CE5069E327478ECA006457CB /* Protocols */,
				CE5069DE27478E92006457CB /* Navigation controllers */,
			);
			path = Lib;
			sourceTree = "<group>";
		};
		CE5069CF27478ABD006457CB /* Screens */ = {
			isa = PBXGroup;
			children = (
				49DDD84C291A6E82004EE366 /* ChangeTask */,
				49C57FCF276729C200988712 /* Start */,
				49C57FD1276729DC00988712 /* OnBoarding */,
				49C57FD0276729D600988712 /* Menu */,
				CE5069DC27478CFD006457CB /* Main */,
				CE5069DD27478D04006457CB /* AddTask */,
				CE5069D427478B6C006457CB /* EmotionCoordinator.swift */,
				CE5069D727478B6D006457CB /* EmotionModel.swift */,
				CE5069D527478B6C006457CB /* EmotionView.swift */,
			);
			path = Screens;
			sourceTree = "<group>";
		};
		CE5069DC27478CFD006457CB /* Main */ = {
			isa = PBXGroup;
			children = (
				CE5069EA27478F1D006457CB /* MainView.swift */,
				49E9CDD028F6EB3900D6081A /* MainViewModel.swift */,
				49E9CDD228F6EB4600D6081A /* MainModel.swift */,
			);
			path = Main;
			sourceTree = "<group>";
		};
		CE5069DD27478D04006457CB /* AddTask */ = {
			isa = PBXGroup;
			children = (
				CE5069EC27478F27006457CB /* AddTaskView.swift */,
				498A240E277307EA000ACD36 /* AddTaskViewModel.swift */,
				498A2410277307FC000ACD36 /* AddTaskModel.swift */,
			);
			path = AddTask;
			sourceTree = "<group>";
		};
		CE5069DE27478E92006457CB /* Navigation controllers */ = {
			isa = PBXGroup;
			children = (
				CE5069E027478EA1006457CB /* NavigationControllerGeneric.swift */,
				CE5069DF27478EA1006457CB /* NavigationControllerSwiftUI.swift */,
			);
			path = "Navigation controllers";
			sourceTree = "<group>";
		};
		CE5069E327478ECA006457CB /* Protocols */ = {
			isa = PBXGroup;
			children = (
				CE5069E627478ED7006457CB /* Bindable.swift */,
				CE5069E527478ED6006457CB /* CoordinatorSwiftUI.swift */,
				CE5069E427478ED6006457CB /* NavigatorSwiftUI.swift */,
			);
			path = Protocols;
			sourceTree = "<group>";
		};
		CE5069EE27479A35006457CB /* Manager */ = {
			isa = PBXGroup;
			children = (
				495E527827620406003A5F12 /* DataManager.swift */,
			);
			path = Manager;
			sourceTree = "<group>";
		};
/* End PBXGroup section */

/* Begin PBXNativeTarget section */
		CE5069B727478A8D006457CB /* Emotion */ = {
			isa = PBXNativeTarget;
			buildConfigurationList = CE5069CB27478A96006457CB /* Build configuration list for PBXNativeTarget "Emotion" */;
			buildPhases = (
				CE5069B427478A8D006457CB /* Sources */,
				CE5069B527478A8D006457CB /* Frameworks */,
				CE5069B627478A8D006457CB /* Resources */,
			);
			buildRules = (
			);
			dependencies = (
			);
			name = Emotion;
			packageProductDependencies = (
				496091A92940B22500B104ED /* SwiftUICharts */,
			);
			productName = Emotion;
			productReference = CE5069B827478A8D006457CB /* Emotion.app */;
			productType = "com.apple.product-type.application";
		};
/* End PBXNativeTarget section */

/* Begin PBXProject section */
		CE5069B027478A8D006457CB /* Project object */ = {
			isa = PBXProject;
			attributes = {
				BuildIndependentTargetsInParallel = 1;
				LastSwiftUpdateCheck = 1310;
				LastUpgradeCheck = 1310;
				TargetAttributes = {
					CE5069B727478A8D006457CB = {
						CreatedOnToolsVersion = 13.1;
					};
				};
			};
			buildConfigurationList = CE5069B327478A8D006457CB /* Build configuration list for PBXProject "Emotion" */;
			compatibilityVersion = "Xcode 13.0";
			developmentRegion = en;
			hasScannedForEncodings = 0;
			knownRegions = (
				en,
				Base,
			);
			mainGroup = CE5069AF27478A8D006457CB;
			packageReferences = (
				496091A82940B22500B104ED /* XCRemoteSwiftPackageReference "SwiftUICharts" */,
			);
			productRefGroup = CE5069B927478A8D006457CB /* Products */;
			projectDirPath = "";
			projectRoot = "";
			targets = (
				CE5069B727478A8D006457CB /* Emotion */,
			);
		};
/* End PBXProject section */

/* Begin PBXResourcesBuildPhase section */
		CE5069B627478A8D006457CB /* Resources */ = {
			isa = PBXResourcesBuildPhase;
			buildActionMask = 2147483647;
			files = (
				CE5069C327478A96006457CB /* Preview Assets.xcassets in Resources */,
				CE5069C027478A96006457CB /* Assets.xcassets in Resources */,
			);
			runOnlyForDeploymentPostprocessing = 0;
		};
/* End PBXResourcesBuildPhase section */

/* Begin PBXSourcesBuildPhase section */
		CE5069B427478A8D006457CB /* Sources */ = {
			isa = PBXSourcesBuildPhase;
			buildActionMask = 2147483647;
			files = (
				49E9CDE5290FBC4100D6081A /* StatsViewModel.swift in Sources */,
				CE5069ED27478F27006457CB /* AddTaskView.swift in Sources */,
				49E9CDCF28F6EB2B00D6081A /* OnBoardingViewModel.swift in Sources */,
				49E9CDD728F6EB5D00D6081A /* MenuModel.swift in Sources */,
				49E9CDCB28F6E73200D6081A /* StartViewModel.swift in Sources */,
				49E9CDDF28F6F10A00D6081A /* AppImages.swift in Sources */,
				4960919C293610EE00B104ED /* HintsModel.swift in Sources */,
				495E527927620406003A5F12 /* DataManager.swift in Sources */,
				498A241427730D07000ACD36 /* Notes+CoreDataClass.swift in Sources */,
				CE5069E927478ED7006457CB /* Bindable.swift in Sources */,
				CE5069EB27478F1D006457CB /* MainView.swift in Sources */,
				49A940F4276B0AC700BB4750 /* OnBoardingCardData.swift in Sources */,
				496091A3293F7F3C00B104ED /* SettingView.swift in Sources */,
				49A940F6276B0FC800BB4750 /* MenuView.swift in Sources */,
				49A940F8276B0FD300BB4750 /* StartView.swift in Sources */,
				49E9CDE3290FBC3600D6081A /* StatsView.swift in Sources */,
				CE5069C527478A96006457CB /* Persistence.swift in Sources */,
				CE5069E827478ED7006457CB /* CoordinatorSwiftUI.swift in Sources */,
				498A240F277307EA000ACD36 /* AddTaskViewModel.swift in Sources */,
				496091A5293F7F7500B104ED /* SettingViewModel.swift in Sources */,
				49DDD850291A6EA8004EE366 /* ChangeTaskViewModel.swift in Sources */,
				49DDD852291A6EB2004EE366 /* ChangeTaskModel.swift in Sources */,
				CE5069E727478ED7006457CB /* NavigatorSwiftUI.swift in Sources */,
				49E9CDDA28F6EBEE00D6081A /* UserDefaults+ext.swift in Sources */,
				498A2411277307FC000ACD36 /* AddTaskModel.swift in Sources */,
				CE5069BC27478A8D006457CB /* EmotionApp.swift in Sources */,
				49A940F0276B08A600BB4750 /* OnBoardingView.swift in Sources */,
				49E9CDD128F6EB3900D6081A /* MainViewModel.swift in Sources */,
				49E9CDE7290FBC4900D6081A /* StatsModel.swift in Sources */,
				CE5069D927478B6D006457CB /* EmotionView.swift in Sources */,
				49609198293610D900B104ED /* HintsView.swift in Sources */,
				49DDD84E291A6E9E004EE366 /* ChangeTaskView.swift in Sources */,
				CE5069C827478A96006457CB /* Emotion.xcdatamodeld in Sources */,
				CE5069DB27478B6D006457CB /* EmotionModel.swift in Sources */,
				49E9CDD528F6EB5000D6081A /* MenuViewModel.swift in Sources */,
				496091A7293F7F7E00B104ED /* SettingModel.swift in Sources */,
				49E9CDCD28F6E73D00D6081A /* StartModel.swift in Sources */,
				CE5069D827478B6D006457CB /* EmotionCoordinator.swift in Sources */,
				49A940F2276B08B400BB4750 /* OnBoardingModel.swift in Sources */,
				49E9CDD328F6EB4600D6081A /* MainModel.swift in Sources */,
				498A241527730D07000ACD36 /* Notes+CoreDataProperties.swift in Sources */,
				49E9CDDD28F6F10200D6081A /* AppColors.swift in Sources */,
				CE5069E127478EA1006457CB /* NavigationControllerSwiftUI.swift in Sources */,
				CE5069E227478EA1006457CB /* NavigationControllerGeneric.swift in Sources */,
				4960919A293610E400B104ED /* HintsViewModel.swift in Sources */,
			);
			runOnlyForDeploymentPostprocessing = 0;
		};
/* End PBXSourcesBuildPhase section */

/* Begin XCBuildConfiguration section */
		CE5069C927478A96006457CB /* Debug */ = {
			isa = XCBuildConfiguration;
			buildSettings = {
				ALWAYS_SEARCH_USER_PATHS = NO;
				CLANG_ANALYZER_NONNULL = YES;
				CLANG_ANALYZER_NUMBER_OBJECT_CONVERSION = YES_AGGRESSIVE;
				CLANG_CXX_LANGUAGE_STANDARD = "gnu++17";
				CLANG_CXX_LIBRARY = "libc++";
				CLANG_ENABLE_MODULES = YES;
				CLANG_ENABLE_OBJC_ARC = YES;
				CLANG_ENABLE_OBJC_WEAK = YES;
				CLANG_WARN_BLOCK_CAPTURE_AUTORELEASING = YES;
				CLANG_WARN_BOOL_CONVERSION = YES;
				CLANG_WARN_COMMA = YES;
				CLANG_WARN_CONSTANT_CONVERSION = YES;
				CLANG_WARN_DEPRECATED_OBJC_IMPLEMENTATIONS = YES;
				CLANG_WARN_DIRECT_OBJC_ISA_USAGE = YES_ERROR;
				CLANG_WARN_DOCUMENTATION_COMMENTS = YES;
				CLANG_WARN_EMPTY_BODY = YES;
				CLANG_WARN_ENUM_CONVERSION = YES;
				CLANG_WARN_INFINITE_RECURSION = YES;
				CLANG_WARN_INT_CONVERSION = YES;
				CLANG_WARN_NON_LITERAL_NULL_CONVERSION = YES;
				CLANG_WARN_OBJC_IMPLICIT_RETAIN_SELF = YES;
				CLANG_WARN_OBJC_LITERAL_CONVERSION = YES;
				CLANG_WARN_OBJC_ROOT_CLASS = YES_ERROR;
				CLANG_WARN_QUOTED_INCLUDE_IN_FRAMEWORK_HEADER = YES;
				CLANG_WARN_RANGE_LOOP_ANALYSIS = YES;
				CLANG_WARN_STRICT_PROTOTYPES = YES;
				CLANG_WARN_SUSPICIOUS_MOVE = YES;
				CLANG_WARN_UNGUARDED_AVAILABILITY = YES_AGGRESSIVE;
				CLANG_WARN_UNREACHABLE_CODE = YES;
				CLANG_WARN__DUPLICATE_METHOD_MATCH = YES;
				COPY_PHASE_STRIP = NO;
				DEBUG_INFORMATION_FORMAT = dwarf;
				ENABLE_STRICT_OBJC_MSGSEND = YES;
				ENABLE_TESTABILITY = YES;
				GCC_C_LANGUAGE_STANDARD = gnu11;
				GCC_DYNAMIC_NO_PIC = NO;
				GCC_NO_COMMON_BLOCKS = YES;
				GCC_OPTIMIZATION_LEVEL = 0;
				GCC_PREPROCESSOR_DEFINITIONS = (
					"DEBUG=1",
					"$(inherited)",
				);
				GCC_WARN_64_TO_32_BIT_CONVERSION = YES;
				GCC_WARN_ABOUT_RETURN_TYPE = YES_ERROR;
				GCC_WARN_UNDECLARED_SELECTOR = YES;
				GCC_WARN_UNINITIALIZED_AUTOS = YES_AGGRESSIVE;
				GCC_WARN_UNUSED_FUNCTION = YES;
				GCC_WARN_UNUSED_VARIABLE = YES;
				IPHONEOS_DEPLOYMENT_TARGET = 15.0;
				MTL_ENABLE_DEBUG_INFO = INCLUDE_SOURCE;
				MTL_FAST_MATH = YES;
				ONLY_ACTIVE_ARCH = YES;
				SDKROOT = iphoneos;
				SWIFT_ACTIVE_COMPILATION_CONDITIONS = DEBUG;
				SWIFT_OPTIMIZATION_LEVEL = "-Onone";
			};
			name = Debug;
		};
		CE5069CA27478A96006457CB /* Release */ = {
			isa = XCBuildConfiguration;
			buildSettings = {
				ALWAYS_SEARCH_USER_PATHS = NO;
				CLANG_ANALYZER_NONNULL = YES;
				CLANG_ANALYZER_NUMBER_OBJECT_CONVERSION = YES_AGGRESSIVE;
				CLANG_CXX_LANGUAGE_STANDARD = "gnu++17";
				CLANG_CXX_LIBRARY = "libc++";
				CLANG_ENABLE_MODULES = YES;
				CLANG_ENABLE_OBJC_ARC = YES;
				CLANG_ENABLE_OBJC_WEAK = YES;
				CLANG_WARN_BLOCK_CAPTURE_AUTORELEASING = YES;
				CLANG_WARN_BOOL_CONVERSION = YES;
				CLANG_WARN_COMMA = YES;
				CLANG_WARN_CONSTANT_CONVERSION = YES;
				CLANG_WARN_DEPRECATED_OBJC_IMPLEMENTATIONS = YES;
				CLANG_WARN_DIRECT_OBJC_ISA_USAGE = YES_ERROR;
				CLANG_WARN_DOCUMENTATION_COMMENTS = YES;
				CLANG_WARN_EMPTY_BODY = YES;
				CLANG_WARN_ENUM_CONVERSION = YES;
				CLANG_WARN_INFINITE_RECURSION = YES;
				CLANG_WARN_INT_CONVERSION = YES;
				CLANG_WARN_NON_LITERAL_NULL_CONVERSION = YES;
				CLANG_WARN_OBJC_IMPLICIT_RETAIN_SELF = YES;
				CLANG_WARN_OBJC_LITERAL_CONVERSION = YES;
				CLANG_WARN_OBJC_ROOT_CLASS = YES_ERROR;
				CLANG_WARN_QUOTED_INCLUDE_IN_FRAMEWORK_HEADER = YES;
				CLANG_WARN_RANGE_LOOP_ANALYSIS = YES;
				CLANG_WARN_STRICT_PROTOTYPES = YES;
				CLANG_WARN_SUSPICIOUS_MOVE = YES;
				CLANG_WARN_UNGUARDED_AVAILABILITY = YES_AGGRESSIVE;
				CLANG_WARN_UNREACHABLE_CODE = YES;
				CLANG_WARN__DUPLICATE_METHOD_MATCH = YES;
				COPY_PHASE_STRIP = NO;
				DEBUG_INFORMATION_FORMAT = "dwarf-with-dsym";
				ENABLE_NS_ASSERTIONS = NO;
				ENABLE_STRICT_OBJC_MSGSEND = YES;
				GCC_C_LANGUAGE_STANDARD = gnu11;
				GCC_NO_COMMON_BLOCKS = YES;
				GCC_WARN_64_TO_32_BIT_CONVERSION = YES;
				GCC_WARN_ABOUT_RETURN_TYPE = YES_ERROR;
				GCC_WARN_UNDECLARED_SELECTOR = YES;
				GCC_WARN_UNINITIALIZED_AUTOS = YES_AGGRESSIVE;
				GCC_WARN_UNUSED_FUNCTION = YES;
				GCC_WARN_UNUSED_VARIABLE = YES;
				IPHONEOS_DEPLOYMENT_TARGET = 15.0;
				MTL_ENABLE_DEBUG_INFO = NO;
				MTL_FAST_MATH = YES;
				SDKROOT = iphoneos;
				SWIFT_COMPILATION_MODE = wholemodule;
				SWIFT_OPTIMIZATION_LEVEL = "-O";
				VALIDATE_PRODUCT = YES;
			};
			name = Release;
		};
		CE5069CC27478A96006457CB /* Debug */ = {
			isa = XCBuildConfiguration;
			buildSettings = {
				ASSETCATALOG_COMPILER_APPICON_NAME = AppIcon;
				ASSETCATALOG_COMPILER_GLOBAL_ACCENT_COLOR_NAME = AccentColor;
				CODE_SIGN_STYLE = Automatic;
				CURRENT_PROJECT_VERSION = 1;
				DEVELOPMENT_ASSET_PATHS = "\"Emotion/Preview Content\"";
				DEVELOPMENT_TEAM = JMDXUHCDRL;
				ENABLE_PREVIEWS = YES;
				GENERATE_INFOPLIST_FILE = YES;
				INFOPLIST_KEY_UIApplicationSceneManifest_Generation = YES;
				INFOPLIST_KEY_UIApplicationSupportsIndirectInputEvents = YES;
				INFOPLIST_KEY_UILaunchScreen_Generation = YES;
				INFOPLIST_KEY_UISupportedInterfaceOrientations_iPad = "UIInterfaceOrientationPortrait UIInterfaceOrientationPortraitUpsideDown UIInterfaceOrientationLandscapeLeft UIInterfaceOrientationLandscapeRight";
				INFOPLIST_KEY_UISupportedInterfaceOrientations_iPhone = "UIInterfaceOrientationPortrait UIInterfaceOrientationLandscapeLeft UIInterfaceOrientationLandscapeRight";
				LD_RUNPATH_SEARCH_PATHS = (
					"$(inherited)",
					"@executable_path/Frameworks",
				);
				MARKETING_VERSION = 1.0;
				PRODUCT_BUNDLE_IDENTIFIER = com.vladbor.ios.Emotion;
				PRODUCT_NAME = "$(TARGET_NAME)";
				SWIFT_EMIT_LOC_STRINGS = YES;
				SWIFT_VERSION = 5.0;
				TARGETED_DEVICE_FAMILY = "1,2";
			};
			name = Debug;
		};
		CE5069CD27478A96006457CB /* Release */ = {
			isa = XCBuildConfiguration;
			buildSettings = {
				ASSETCATALOG_COMPILER_APPICON_NAME = AppIcon;
				ASSETCATALOG_COMPILER_GLOBAL_ACCENT_COLOR_NAME = AccentColor;
				CODE_SIGN_STYLE = Automatic;
				CURRENT_PROJECT_VERSION = 1;
				DEVELOPMENT_ASSET_PATHS = "\"Emotion/Preview Content\"";
				DEVELOPMENT_TEAM = JMDXUHCDRL;
				ENABLE_PREVIEWS = YES;
				GENERATE_INFOPLIST_FILE = YES;
				INFOPLIST_KEY_UIApplicationSceneManifest_Generation = YES;
				INFOPLIST_KEY_UIApplicationSupportsIndirectInputEvents = YES;
				INFOPLIST_KEY_UILaunchScreen_Generation = YES;
				INFOPLIST_KEY_UISupportedInterfaceOrientations_iPad = "UIInterfaceOrientationPortrait UIInterfaceOrientationPortraitUpsideDown UIInterfaceOrientationLandscapeLeft UIInterfaceOrientationLandscapeRight";
				INFOPLIST_KEY_UISupportedInterfaceOrientations_iPhone = "UIInterfaceOrientationPortrait UIInterfaceOrientationLandscapeLeft UIInterfaceOrientationLandscapeRight";
				LD_RUNPATH_SEARCH_PATHS = (
					"$(inherited)",
					"@executable_path/Frameworks",
				);
				MARKETING_VERSION = 1.0;
				PRODUCT_BUNDLE_IDENTIFIER = com.vladbor.ios.Emotion;
				PRODUCT_NAME = "$(TARGET_NAME)";
				SWIFT_EMIT_LOC_STRINGS = YES;
				SWIFT_VERSION = 5.0;
				TARGETED_DEVICE_FAMILY = "1,2";
			};
			name = Release;
		};
/* End XCBuildConfiguration section */

/* Begin XCConfigurationList section */
		CE5069B327478A8D006457CB /* Build configuration list for PBXProject "Emotion" */ = {
			isa = XCConfigurationList;
			buildConfigurations = (
				CE5069C927478A96006457CB /* Debug */,
				CE5069CA27478A96006457CB /* Release */,
			);
			defaultConfigurationIsVisible = 0;
			defaultConfigurationName = Release;
		};
		CE5069CB27478A96006457CB /* Build configuration list for PBXNativeTarget "Emotion" */ = {
			isa = XCConfigurationList;
			buildConfigurations = (
				CE5069CC27478A96006457CB /* Debug */,
				CE5069CD27478A96006457CB /* Release */,
			);
			defaultConfigurationIsVisible = 0;
			defaultConfigurationName = Release;
		};
/* End XCConfigurationList section */

/* Begin XCRemoteSwiftPackageReference section */
		496091A82940B22500B104ED /* XCRemoteSwiftPackageReference "SwiftUICharts" */ = {
			isa = XCRemoteSwiftPackageReference;
			repositoryURL = "https://github.com/willdale/SwiftUICharts";
			requirement = {
				kind = upToNextMajorVersion;
				minimumVersion = 2.0.0;
			};
		};
/* End XCRemoteSwiftPackageReference section */

/* Begin XCSwiftPackageProductDependency section */
		496091A92940B22500B104ED /* SwiftUICharts */ = {
			isa = XCSwiftPackageProductDependency;
			package = 496091A82940B22500B104ED /* XCRemoteSwiftPackageReference "SwiftUICharts" */;
			productName = SwiftUICharts;
		};
/* End XCSwiftPackageProductDependency section */

/* Begin XCVersionGroup section */
		CE5069C627478A96006457CB /* Emotion.xcdatamodeld */ = {
			isa = XCVersionGroup;
			children = (
				CE5069C727478A96006457CB /* Emotion.xcdatamodel */,
			);
			currentVersion = CE5069C727478A96006457CB /* Emotion.xcdatamodel */;
			path = Emotion.xcdatamodeld;
			sourceTree = "<group>";
			versionGroupType = wrapper.xcdatamodel;
		};
/* End XCVersionGroup section */
	};
	rootObject = CE5069B027478A8D006457CB /* Project object */;
}
